
Microsoft Visual Studio Solution File, Format Version 12.00
# Visual Studio Version 17
VisualStudioVersion = 17.11.35327.3
MinimumVisualStudioVersion = 10.0.40219.1
Project("{FAE04EC0-301F-11D3-BF4B-00C04F79EFBC}") = "Threadnos-API", "Threadnos-API\Threadnos-API.csproj", "{1581145E-E52C-439D-AEEE-43DFE4113A15}"
EndProject
Global
	GlobalSection(SolutionConfigurationPlatforms) = preSolution
		Debug|Any CPU = Debug|Any CPU
		Release|Any CPU = Release|Any CPU
	EndGlobalSection
	GlobalSection(ProjectConfigurationPlatforms) = postSolution
		{1581145E-E52C-439D-AEEE-43DFE4113A15}.Debug|Any CPU.ActiveCfg = Debug|Any CPU
		{1581145E-E52C-439D-AEEE-43DFE4113A15}.Debug|Any CPU.Build.0 = Debug|Any CPU
		{1581145E-E52C-439D-AEEE-43DFE4113A15}.Release|Any CPU.ActiveCfg = Release|Any CPU
		{1581145E-E52C-439D-AEEE-43DFE4113A15}.Release|Any CPU.Build.0 = Release|Any CPU
	EndGlobalSection
	GlobalSection(SolutionProperties) = preSolution
		HideSolutionNode = FALSE
	EndGlobalSection
	GlobalSection(ExtensibilityGlobals) = postSolution
		SolutionGuid = {FE24DD60-DE9A-4132-BC8C-D24CD9DC2D34}
	EndGlobalSection
EndGlobal
